
Microsoft Visual Studio Solution File, Format Version 12.00
# Visual Studio Version 17
VisualStudioVersion = 17.3.32901.215
MinimumVisualStudioVersion = 10.0.40219.1
Project("{FAE04EC0-301F-11D3-BF4B-00C04F79EFBC}") = "combobox-if-ornek", "combobox-if-ornek\combobox-if-ornek.csproj", "{B6BC52E6-E913-41FC-972C-426FDD3CD0BA}"
EndProject
Global
	GlobalSection(SolutionConfigurationPlatforms) = preSolution
		Debug|Any CPU = Debug|Any CPU
		Release|Any CPU = Release|Any CPU
	EndGlobalSection
	GlobalSection(ProjectConfigurationPlatforms) = postSolution
		{B6BC52E6-E913-41FC-972C-426FDD3CD0BA}.Debug|Any CPU.ActiveCfg = Debug|Any CPU
		{B6BC52E6-E913-41FC-972C-426FDD3CD0BA}.Debug|Any CPU.Build.0 = Debug|Any CPU
		{B6BC52E6-E913-41FC-972C-426FDD3CD0BA}.Release|Any CPU.ActiveCfg = Release|Any CPU
		{B6BC52E6-E913-41FC-972C-426FDD3CD0BA}.Release|Any CPU.Build.0 = Release|Any CPU
	EndGlobalSection
	GlobalSection(SolutionProperties) = preSolution
		HideSolutionNode = FALSE
	EndGlobalSection
	GlobalSection(ExtensibilityGlobals) = postSolution
		SolutionGuid = {A2E3946E-D384-4D25-B346-B8CDB0F9B135}
	EndGlobalSection
EndGlobal
